
Microsoft Visual Studio Solution File, Format Version 12.00
# Visual Studio Version 17
VisualStudioVersion = 17.0.31903.59
MinimumVisualStudioVersion = 10.0.40219.1
Project("{FAE04EC0-301F-11D3-BF4B-00C04F79EFBC}") = "minimal-api", "api\minimal-api.csproj", "{14515237-11CB-48C5-BA7C-F01778BD90DB}"
EndProject
Project("{FAE04EC0-301F-11D3-BF4B-00C04F79EFBC}") = "Teste", "Teste\Teste.csproj", "{7193795B-57B6-40D5-A85F-8F92E953FC32}"
EndProject
Global
	GlobalSection(SolutionConfigurationPlatforms) = preSolution
		Debug|Any CPU = Debug|Any CPU
		Release|Any CPU = Release|Any CPU
	EndGlobalSection
	GlobalSection(SolutionProperties) = preSolution
		HideSolutionNode = FALSE
	EndGlobalSection
	GlobalSection(ProjectConfigurationPlatforms) = postSolution
		{14515237-11CB-48C5-BA7C-F01778BD90DB}.Debug|Any CPU.ActiveCfg = Debug|Any CPU
		{14515237-11CB-48C5-BA7C-F01778BD90DB}.Debug|Any CPU.Build.0 = Debug|Any CPU
		{14515237-11CB-48C5-BA7C-F01778BD90DB}.Release|Any CPU.ActiveCfg = Release|Any CPU
		{14515237-11CB-48C5-BA7C-F01778BD90DB}.Release|Any CPU.Build.0 = Release|Any CPU
		{7193795B-57B6-40D5-A85F-8F92E953FC32}.Debug|Any CPU.ActiveCfg = Debug|Any CPU
		{7193795B-57B6-40D5-A85F-8F92E953FC32}.Debug|Any CPU.Build.0 = Debug|Any CPU
		{7193795B-57B6-40D5-A85F-8F92E953FC32}.Release|Any CPU.ActiveCfg = Release|Any CPU
		{7193795B-57B6-40D5-A85F-8F92E953FC32}.Release|Any CPU.Build.0 = Release|Any CPU
	EndGlobalSection
EndGlobal
